// !$*UTF8*$!
{
	archiveVersion = 1;
	classes = {
	};
	objectVersion = 56;
	objects = {

/* Begin PBXBuildFile section */
		A10000000000000000000001 /* HarborLogApp.swift in Sources */ = {isa = PBXBuildFile; fileRef = A20000000000000000000001 /* HarborLogApp.swift */; };
		A10000000000000000000002 /* Outing.swift in Sources */ = {isa = PBXBuildFile; fileRef = A20000000000000000000002 /* Outing.swift */; };
		A10000000000000000000003 /* OutingStore.swift in Sources */ = {isa = PBXBuildFile; fileRef = A20000000000000000000003 /* OutingStore.swift */; };
		A10000000000000000000004 /* WeatherService.swift in Sources */ = {isa = PBXBuildFile; fileRef = A20000000000000000000004 /* WeatherService.swift */; };
		A10000000000000000000005 /* ContentView.swift in Sources */ = {isa = PBXBuildFile; fileRef = A20000000000000000000005 /* ContentView.swift */; };
		A10000000000000000000006 /* RatingView.swift in Sources */ = {isa = PBXBuildFile; fileRef = A20000000000000000000006 /* RatingView.swift */; };
		A10000000000000000000007 /* OutingListView.swift in Sources */ = {isa = PBXBuildFile; fileRef = A20000000000000000000007 /* OutingListView.swift */; };
		A10000000000000000000008 /* OutingDetailView.swift in Sources */ = {isa = PBXBuildFile; fileRef = A20000000000000000000008 /* OutingDetailView.swift */; };
		A10000000000000000000009 /* AddOutingView.swift in Sources */ = {isa = PBXBuildFile; fileRef = A20000000000000000000009 /* AddOutingView.swift */; };
		A1000000000000000000000A /* ReportsView.swift in Sources */ = {isa = PBXBuildFile; fileRef = A2000000000000000000000A /* ReportsView.swift */; };
		A1000000000000000000000B /* WeatherView.swift in Sources */ = {isa = PBXBuildFile; fileRef = A2000000000000000000000B /* WeatherView.swift */; };
		A1000000000000000000000C /* Assets.xcassets in Resources */ = {isa = PBXBuildFile; fileRef = A2000000000000000000000C /* Assets.xcassets */; };
/* End PBXBuildFile section */

/* Begin PBXFileReference section */
		A20000000000000000000001 /* HarborLogApp.swift */ = {isa = PBXFileReference; lastKnownFileType = sourcecode.swift; path = HarborLogApp.swift; sourceTree = "<group>"; };
		A20000000000000000000002 /* Outing.swift */ = {isa = PBXFileReference; lastKnownFileType = sourcecode.swift; path = Outing.swift; sourceTree = "<group>"; };
		A20000000000000000000003 /* OutingStore.swift */ = {isa = PBXFileReference; lastKnownFileType = sourcecode.swift; path = OutingStore.swift; sourceTree = "<group>"; };
		A20000000000000000000004 /* WeatherService.swift */ = {isa = PBXFileReference; lastKnownFileType = sourcecode.swift; path = WeatherService.swift; sourceTree = "<group>"; };
		A20000000000000000000005 /* ContentView.swift */ = {isa = PBXFileReference; lastKnownFileType = sourcecode.swift; path = ContentView.swift; sourceTree = "<group>"; };
		A20000000000000000000006 /* RatingView.swift */ = {isa = PBXFileReference; lastKnownFileType = sourcecode.swift; path = RatingView.swift; sourceTree = "<group>"; };
		A20000000000000000000007 /* OutingListView.swift */ = {isa = PBXFileReference; lastKnownFileType = sourcecode.swift; path = OutingListView.swift; sourceTree = "<group>"; };
		A20000000000000000000008 /* OutingDetailView.swift */ = {isa = PBXFileReference; lastKnownFileType = sourcecode.swift; path = OutingDetailView.swift; sourceTree = "<group>"; };
		A20000000000000000000009 /* AddOutingView.swift */ = {isa = PBXFileReference; lastKnownFileType = sourcecode.swift; path = AddOutingView.swift; sourceTree = "<group>"; };
		A2000000000000000000000A /* ReportsView.swift */ = {isa = PBXFileReference; lastKnownFileType = sourcecode.swift; path = ReportsView.swift; sourceTree = "<group>"; };
		A2000000000000000000000B /* WeatherView.swift */ = {isa = PBXFileReference; lastKnownFileType = sourcecode.swift; path = WeatherView.swift; sourceTree = "<group>"; };
		A2000000000000000000000C /* Assets.xcassets */ = {isa = PBXFileReference; lastKnownFileType = folder.assetcatalog; path = Assets.xcassets; sourceTree = "<group>"; };
		A2000000000000000000000D /* Info.plist */ = {isa = PBXFileReference; lastKnownFileType = text.plist.xml; path = Info.plist; sourceTree = "<group>"; };
		A30000000000000000000001 /* HarborLog.app */ = {isa = PBXFileReference; explicitFileType = wrapper.application; includeInIndex = 0; path = HarborLog.app; sourceTree = BUILT_PRODUCTS_DIR; };
/* End PBXFileReference section */

/* Begin PBXFrameworksBuildPhase section */
		A40000000000000000000001 /* Frameworks */ = {
			isa = PBXFrameworksBuildPhase;
			buildActionMask = 2147483647;
			files = (
			);
			runOnlyForDeploymentPostprocessing = 0;
		};
/* End PBXFrameworksBuildPhase section */

/* Begin PBXGroup section */
		A50000000000000000000001 = {
			isa = PBXGroup;
			children = (
				A50000000000000000000002 /* HarborLog */,
				A50000000000000000000003 /* Products */,
			);
			sourceTree = "<group>";
		};
		A50000000000000000000002 /* HarborLog */ = {
			isa = PBXGroup;
			children = (
				A20000000000000000000001 /* HarborLogApp.swift */,
				A50000000000000000000004 /* Model */,
				A50000000000000000000005 /* Networking */,
				A50000000000000000000006 /* Views */,
				A2000000000000000000000C /* Assets.xcassets */,
				A2000000000000000000000D /* Info.plist */,
			);
			path = HarborLog;
			sourceTree = "<group>";
		};
		A50000000000000000000003 /* Products */ = {
			isa = PBXGroup;
			children = (
				A30000000000000000000001 /* HarborLog.app */,
			);
			name = Products;
			sourceTree = "<group>";
		};
		A50000000000000000000004 /* Model */ = {
			isa = PBXGroup;
			children = (
				A20000000000000000000002 /* Outing.swift */,
				A20000000000000000000003 /* OutingStore.swift */,
			);
			path = Model;
			sourceTree = "<group>";
		};
		A50000000000000000000005 /* Networking */ = {
			isa = PBXGroup;
			children = (
				A20000000000000000000004 /* WeatherService.swift */,
			);
			path = Networking;
			sourceTree = "<group>";
		};
		A50000000000000000000006 /* Views */ = {
			isa = PBXGroup;
			children = (
				A20000000000000000000005 /* ContentView.swift */,
				A20000000000000000000006 /* RatingView.swift */,
				A20000000000000000000007 /* OutingListView.swift */,
				A20000000000000000000008 /* OutingDetailView.swift */,
				A20000000000000000000009 /* AddOutingView.swift */,
				A2000000000000000000000A /* ReportsView.swift */,
				A2000000000000000000000B /* WeatherView.swift */,
			);
			path = Views;
			sourceTree = "<group>";
		};
/* End PBXGroup section */

/* Begin PBXNativeTarget section */
		A60000000000000000000001 /* HarborLog */ = {
			isa = PBXNativeTarget;
			buildConfigurationList = A80000000000000000000002 /* Build configuration list for PBXNativeTarget "HarborLog" */;
			buildPhases = (
				A70000000000000000000001 /* Sources */,
				A40000000000000000000001 /* Frameworks */,
				A70000000000000000000002 /* Resources */,
			);
			buildRules = (
			);
			dependencies = (
			);
			name = HarborLog;
			productName = HarborLog;
			productReference = A30000000000000000000001 /* HarborLog.app */;
			productType = "com.apple.product-type.application";
		};
/* End PBXNativeTarget section */

/* Begin PBXProject section */
		A90000000000000000000001 /* Project object */ = {
			isa = PBXProject;
			attributes = {
				BuildIndependentTargetsInParallel = 1;
				LastSwiftUpdateCheck = 1600;
				LastUpgradeCheck = 1600;
				TargetAttributes = {
					A60000000000000000000001 = {
						CreatedOnToolsVersion = 16.0;
					};
				};
			};
			buildConfigurationList = A80000000000000000000001 /* Build configuration list for PBXProject "HarborLog" */;
			compatibilityVersion = "Xcode 14.0";
			developmentRegion = en;
			hasScannedForEncodings = 0;
			knownRegions = (
				en,
				Base,
			);
			mainGroup = A50000000000000000000001;
			productRefGroup = A50000000000000000000003 /* Products */;
			projectDirPath = "";
			projectRoot = "";
			targets = (
				A60000000000000000000001 /* HarborLog */,
			);
		};
/* End PBXProject section */

/* Begin PBXResourcesBuildPhase section */
		A70000000000000000000002 /* Resources */ = {
			isa = PBXResourcesBuildPhase;
			buildActionMask = 2147483647;
			files = (
				A1000000000000000000000C /* Assets.xcassets in Resources */,
			);
			runOnlyForDeploymentPostprocessing = 0;
		};
/* End PBXResourcesBuildPhase section */

/* Begin PBXSourcesBuildPhase section */
		A70000000000000000000001 /* Sources */ = {
			isa = PBXSourcesBuildPhase;
			buildActionMask = 2147483647;
			files = (
				A10000000000000000000001 /* HarborLogApp.swift in Sources */,
				A10000000000000000000002 /* Outing.swift in Sources */,
				A10000000000000000000003 /* OutingStore.swift in Sources */,
				A10000000000000000000004 /* WeatherService.swift in Sources */,
				A10000000000000000000005 /* ContentView.swift in Sources */,
				A10000000000000000000006 /* RatingView.swift in Sources */,
				A10000000000000000000007 /* OutingListView.swift in Sources */,
				A10000000000000000000008 /* OutingDetailView.swift in Sources */,
				A10000000000000000000009 /* AddOutingView.swift in Sources */,
				A1000000000000000000000A /* ReportsView.swift in Sources */,
				A1000000000000000000000B /* WeatherView.swift in Sources */,
			);
			runOnlyForDeploymentPostprocessing = 0;
		};
/* End PBXSourcesBuildPhase section */

/* Begin XCBuildConfiguration section */
		AA0000000000000000000001 /* Debug */ = {
			isa = XCBuildConfiguration;
			buildSettings = {
				ALWAYS_SEARCH_USER_PATHS = NO;
				CLANG_ENABLE_MODULES = YES;
				COPY_PHASE_STRIP = NO;
				DEBUG_INFORMATION_FORMAT = dwarf;
				ENABLE_TESTABILITY = YES;
				GCC_DYNAMIC_NO_PIC = NO;
				GCC_OPTIMIZATION_LEVEL = 0;
				IPHONEOS_DEPLOYMENT_TARGET = 17.0;
				ONLY_ACTIVE_ARCH = YES;
				SDKROOT = iphoneos;
				SWIFT_ACTIVE_COMPILATION_CONDITIONS = DEBUG;
				SWIFT_OPTIMIZATION_LEVEL = "-Onone";
			};
			name = Debug;
		};
		AA0000000000000000000002 /* Release */ = {
			isa = XCBuildConfiguration;
			buildSettings = {
				ALWAYS_SEARCH_USER_PATHS = NO;
				CLANG_ENABLE_MODULES = YES;
				COPY_PHASE_STRIP = NO;
				DEBUG_INFORMATION_FORMAT = "dwarf-with-dsym";
				IPHONEOS_DEPLOYMENT_TARGET = 17.0;
				SDKROOT = iphoneos;
				SWIFT_COMPILATION_MODE = wholemodule;
				VALIDATE_PRODUCT = YES;
			};
			name = Release;
		};
		AA0000000000000000000003 /* Debug */ = {
			isa = XCBuildConfiguration;
			buildSettings = {
				ASSETCATALOG_COMPILER_APPICON_NAME = AppIcon;
				ASSETCATALOG_COMPILER_GLOBAL_ACCENT_COLOR_NAME = AccentColor;
				CODE_SIGN_STYLE = Automatic;
				CURRENT_PROJECT_VERSION = 1;
				DEVELOPMENT_TEAM = "";
				GENERATE_INFOPLIST_FILE = YES;
				INFOPLIST_FILE = HarborLog/Info.plist;
				INFOPLIST_KEY_UIApplicationSceneManifest_Generation = YES;
				INFOPLIST_KEY_UILaunchScreen_Generation = YES;
				INFOPLIST_KEY_UISupportedInterfaceOrientations = UIInterfaceOrientationPortrait;
				LD_RUNPATH_SEARCH_PATHS = (
					"$(inherited)",
					"@executable_path/Frameworks",
				);
				MARKETING_VERSION = 1.0;
				PRODUCT_BUNDLE_IDENTIFIER = com.willthomas.HarborLog;
				PRODUCT_NAME = "$(TARGET_NAME)";
				SWIFT_EMIT_LOC_STRINGS = YES;
				SWIFT_VERSION = 5.0;
				TARGETED_DEVICE_FAMILY = "1,2";
			};
			name = Debug;
		};
		AA0000000000000000000004 /* Release */ = {
			isa = XCBuildConfiguration;
			buildSettings = {
				ASSETCATALOG_COMPILER_APPICON_NAME = AppIcon;
				ASSETCATALOG_COMPILER_GLOBAL_ACCENT_COLOR_NAME = AccentColor;
				CODE_SIGN_STYLE = Automatic;
				CURRENT_PROJECT_VERSION = 1;
				DEVELOPMENT_TEAM = "";
				GENERATE_INFOPLIST_FILE = YES;
				INFOPLIST_FILE = HarborLog/Info.plist;
				INFOPLIST_KEY_UIApplicationSceneManifest_Generation = YES;
				INFOPLIST_KEY_UILaunchScreen_Generation = YES;
				INFOPLIST_KEY_UISupportedInterfaceOrientations = UIInterfaceOrientationPortrait;
				LD_RUNPATH_SEARCH_PATHS = (
					"$(inherited)",
					"@executable_path/Frameworks",
				);
				MARKETING_VERSION = 1.0;
				PRODUCT_BUNDLE_IDENTIFIER = com.willthomas.HarborLog;
				PRODUCT_NAME = "$(TARGET_NAME)";
				SWIFT_EMIT_LOC_STRINGS = YES;
				SWIFT_VERSION = 5.0;
				TARGETED_DEVICE_FAMILY = "1,2";
			};
			name = Release;
		};
/* End XCBuildConfiguration section */

/* Begin XCConfigurationList section */
		A80000000000000000000001 /* Build configuration list for PBXProject "HarborLog" */ = {
			isa = XCConfigurationList;
			buildConfigurations = (
				AA0000000000000000000001 /* Debug */,
				AA0000000000000000000002 /* Release */,
			);
			defaultConfigurationIsVisible = 0;
			defaultConfigurationName = Release;
		};
		A80000000000000000000002 /* Build configuration list for PBXNativeTarget "HarborLog" */ = {
			isa = XCConfigurationList;
			buildConfigurations = (
				AA0000000000000000000003 /* Debug */,
				AA0000000000000000000004 /* Release */,
			);
			defaultConfigurationIsVisible = 0;
			defaultConfigurationName = Release;
		};
/* End XCConfigurationList section */
	};
	rootObject = A90000000000000000000001 /* Project object */;
}
